// !$*UTF8*$!
{
	archiveVersion = 1;
	classes = {
	};
	objectVersion = 56;
	objects = {

/* Begin PBXBuildFile section */
		A079A8EF29DB52FE002D701C /* SnapKit in Frameworks */ = {isa = PBXBuildFile; productRef = A079A8EE29DB52FE002D701C /* SnapKit */; };
		A08C968829D56F1000637C67 /* AppDelegate.swift in Sources */ = {isa = PBXBuildFile; fileRef = A08C968729D56F1000637C67 /* AppDelegate.swift */; };
		A08C968A29D56F1000637C67 /* SceneDelegate.swift in Sources */ = {isa = PBXBuildFile; fileRef = A08C968929D56F1000637C67 /* SceneDelegate.swift */; };
		A08C968C29D56F1000637C67 /* ViewController.swift in Sources */ = {isa = PBXBuildFile; fileRef = A08C968B29D56F1000637C67 /* ViewController.swift */; };
		A08C968F29D56F1000637C67 /* Main.storyboard in Resources */ = {isa = PBXBuildFile; fileRef = A08C968D29D56F1000637C67 /* Main.storyboard */; };
		A08C969129D56F1200637C67 /* Assets.xcassets in Resources */ = {isa = PBXBuildFile; fileRef = A08C969029D56F1200637C67 /* Assets.xcassets */; };
		A08C969429D56F1200637C67 /* LaunchScreen.storyboard in Resources */ = {isa = PBXBuildFile; fileRef = A08C969229D56F1200637C67 /* LaunchScreen.storyboard */; };
		A0AA680F29D5708400ECAFF6 /* MainCollectionViewCell.swift in Sources */ = {isa = PBXBuildFile; fileRef = A0AA680D29D5708400ECAFF6 /* MainCollectionViewCell.swift */; };
		A0AA681029D5708400ECAFF6 /* MainCollectionViewCell.xib in Resources */ = {isa = PBXBuildFile; fileRef = A0AA680E29D5708400ECAFF6 /* MainCollectionViewCell.xib */; };
		A0AA681529DB476600ECAFF6 /* CellData.swift in Sources */ = {isa = PBXBuildFile; fileRef = A0AA681429DB476600ECAFF6 /* CellData.swift */; };
/* End PBXBuildFile section */

/* Begin PBXFileReference section */
		A079A8EC29DB52BD002D701C /* SnapKit-develop */ = {isa = PBXFileReference; lastKnownFileType = wrapper; path = "SnapKit-develop"; sourceTree = "<group>"; };
		A08C968429D56F1000637C67 /* UICollectionViewB.app */ = {isa = PBXFileReference; explicitFileType = wrapper.application; includeInIndex = 0; path = UICollectionViewB.app; sourceTree = BUILT_PRODUCTS_DIR; };
		A08C968729D56F1000637C67 /* AppDelegate.swift */ = {isa = PBXFileReference; lastKnownFileType = sourcecode.swift; path = AppDelegate.swift; sourceTree = "<group>"; };
		A08C968929D56F1000637C67 /* SceneDelegate.swift */ = {isa = PBXFileReference; lastKnownFileType = sourcecode.swift; path = SceneDelegate.swift; sourceTree = "<group>"; };
		A08C968B29D56F1000637C67 /* ViewController.swift */ = {isa = PBXFileReference; lastKnownFileType = sourcecode.swift; path = ViewController.swift; sourceTree = "<group>"; };
		A08C968E29D56F1000637C67 /* Base */ = {isa = PBXFileReference; lastKnownFileType = file.storyboard; name = Base; path = Base.lproj/Main.storyboard; sourceTree = "<group>"; };
		A08C969029D56F1200637C67 /* Assets.xcassets */ = {isa = PBXFileReference; lastKnownFileType = folder.assetcatalog; path = Assets.xcassets; sourceTree = "<group>"; };
		A08C969329D56F1200637C67 /* Base */ = {isa = PBXFileReference; lastKnownFileType = file.storyboard; name = Base; path = Base.lproj/LaunchScreen.storyboard; sourceTree = "<group>"; };
		A08C969529D56F1200637C67 /* Info.plist */ = {isa = PBXFileReference; lastKnownFileType = text.plist.xml; path = Info.plist; sourceTree = "<group>"; };
		A0AA680D29D5708400ECAFF6 /* MainCollectionViewCell.swift */ = {isa = PBXFileReference; lastKnownFileType = sourcecode.swift; path = MainCollectionViewCell.swift; sourceTree = SOURCE_ROOT; };
		A0AA680E29D5708400ECAFF6 /* MainCollectionViewCell.xib */ = {isa = PBXFileReference; lastKnownFileType = file.xib; path = MainCollectionViewCell.xib; sourceTree = SOURCE_ROOT; };
		A0AA681429DB476600ECAFF6 /* CellData.swift */ = {isa = PBXFileReference; fileEncoding = 4; lastKnownFileType = sourcecode.swift; path = CellData.swift; sourceTree = "<group>"; };
/* End PBXFileReference section */

/* Begin PBXFrameworksBuildPhase section */
		A08C968129D56F1000637C67 /* Frameworks */ = {
			isa = PBXFrameworksBuildPhase;
			buildActionMask = 2147483647;
			files = (
				A079A8EF29DB52FE002D701C /* SnapKit in Frameworks */,
			);
			runOnlyForDeploymentPostprocessing = 0;
		};
/* End PBXFrameworksBuildPhase section */

/* Begin PBXGroup section */
		A079A8EB29DB52BD002D701C /* Packages */ = {
			isa = PBXGroup;
			children = (
				A079A8EC29DB52BD002D701C /* SnapKit-develop */,
			);
			name = Packages;
			sourceTree = "<group>";
		};
		A079A8ED29DB52FE002D701C /* Frameworks */ = {
			isa = PBXGroup;
			children = (
			);
			name = Frameworks;
			sourceTree = "<group>";
		};
		A08C967B29D56F1000637C67 = {
			isa = PBXGroup;
			children = (
				A079A8EB29DB52BD002D701C /* Packages */,
				A08C968629D56F1000637C67 /* UICollectionViewB */,
				A08C968529D56F1000637C67 /* Products */,
				A079A8ED29DB52FE002D701C /* Frameworks */,
			);
			sourceTree = "<group>";
		};
		A08C968529D56F1000637C67 /* Products */ = {
			isa = PBXGroup;
			children = (
				A08C968429D56F1000637C67 /* UICollectionViewB.app */,
			);
			name = Products;
			sourceTree = "<group>";
		};
		A08C968629D56F1000637C67 /* UICollectionViewB */ = {
			isa = PBXGroup;
			children = (
				A0AA681329DB46F300ECAFF6 /* Module */,
				A08C969F29D5703C00637C67 /* MainCollectionViewCell */,
				A08C968729D56F1000637C67 /* AppDelegate.swift */,
				A08C968929D56F1000637C67 /* SceneDelegate.swift */,
				A08C968B29D56F1000637C67 /* ViewController.swift */,
				A08C968D29D56F1000637C67 /* Main.storyboard */,
				A08C969029D56F1200637C67 /* Assets.xcassets */,
				A08C969229D56F1200637C67 /* LaunchScreen.storyboard */,
				A08C969529D56F1200637C67 /* Info.plist */,
			);
			path = UICollectionViewB;
			sourceTree = "<group>";
		};
		A08C969F29D5703C00637C67 /* MainCollectionViewCell */ = {
			isa = PBXGroup;
			children = (
				A0AA680D29D5708400ECAFF6 /* MainCollectionViewCell.swift */,
				A0AA680E29D5708400ECAFF6 /* MainCollectionViewCell.xib */,
			);
			path = MainCollectionViewCell;
			sourceTree = "<group>";
		};
		A0AA681329DB46F300ECAFF6 /* Module */ = {
			isa = PBXGroup;
			children = (
				A0AA681429DB476600ECAFF6 /* CellData.swift */,
			);
			path = Module;
			sourceTree = "<group>";
		};
/* End PBXGroup section */

/* Begin PBXNativeTarget section */
		A08C968329D56F1000637C67 /* UICollectionViewB */ = {
			isa = PBXNativeTarget;
			buildConfigurationList = A08C969829D56F1200637C67 /* Build configuration list for PBXNativeTarget "UICollectionViewB" */;
			buildPhases = (
				A08C968029D56F1000637C67 /* Sources */,
				A08C968129D56F1000637C67 /* Frameworks */,
				A08C968229D56F1000637C67 /* Resources */,
			);
			buildRules = (
			);
			dependencies = (
			);
			name = UICollectionViewB;
			packageProductDependencies = (
				A079A8EE29DB52FE002D701C /* SnapKit */,
			);
			productName = UICollectionViewB;
			productReference = A08C968429D56F1000637C67 /* UICollectionViewB.app */;
			productType = "com.apple.product-type.application";
		};
/* End PBXNativeTarget section */

/* Begin PBXProject section */
		A08C967C29D56F1000637C67 /* Project object */ = {
			isa = PBXProject;
			attributes = {
				BuildIndependentTargetsInParallel = 1;
				LastSwiftUpdateCheck = 1420;
				LastUpgradeCheck = 1420;
				TargetAttributes = {
					A08C968329D56F1000637C67 = {
						CreatedOnToolsVersion = 14.2;
					};
				};
			};
			buildConfigurationList = A08C967F29D56F1000637C67 /* Build configuration list for PBXProject "UICollectionViewB" */;
			compatibilityVersion = "Xcode 14.0";
			developmentRegion = en;
			hasScannedForEncodings = 0;
			knownRegions = (
				en,
				Base,
			);
			mainGroup = A08C967B29D56F1000637C67;
			productRefGroup = A08C968529D56F1000637C67 /* Products */;
			projectDirPath = "";
			projectRoot = "";
			targets = (
				A08C968329D56F1000637C67 /* UICollectionViewB */,
			);
		};
/* End PBXProject section */

/* Begin PBXResourcesBuildPhase section */
		A08C968229D56F1000637C67 /* Resources */ = {
			isa = PBXResourcesBuildPhase;
			buildActionMask = 2147483647;
			files = (
				A08C969429D56F1200637C67 /* LaunchScreen.storyboard in Resources */,
				A08C969129D56F1200637C67 /* Assets.xcassets in Resources */,
				A08C968F29D56F1000637C67 /* Main.storyboard in Resources */,
				A0AA681029D5708400ECAFF6 /* MainCollectionViewCell.xib in Resources */,
			);
			runOnlyForDeploymentPostprocessing = 0;
		};
/* End PBXResourcesBuildPhase section */

/* Begin PBXSourcesBuildPhase section */
		A08C968029D56F1000637C67 /* Sources */ = {
			isa = PBXSourcesBuildPhase;
			buildActionMask = 2147483647;
			files = (
				A08C968C29D56F1000637C67 /* ViewController.swift in Sources */,
				A08C968829D56F1000637C67 /* AppDelegate.swift in Sources */,
				A08C968A29D56F1000637C67 /* SceneDelegate.swift in Sources */,
				A0AA681529DB476600ECAFF6 /* CellData.swift in Sources */,
				A0AA680F29D5708400ECAFF6 /* MainCollectionViewCell.swift in Sources */,
			);
			runOnlyForDeploymentPostprocessing = 0;
		};
/* End PBXSourcesBuildPhase section */

/* Begin PBXVariantGroup section */
		A08C968D29D56F1000637C67 /* Main.storyboard */ = {
			isa = PBXVariantGroup;
			children = (
				A08C968E29D56F1000637C67 /* Base */,
			);
			name = Main.storyboard;
			sourceTree = "<group>";
		};
		A08C969229D56F1200637C67 /* LaunchScreen.storyboard */ = {
			isa = PBXVariantGroup;
			children = (
				A08C969329D56F1200637C67 /* Base */,
			);
			name = LaunchScreen.storyboard;
			sourceTree = "<group>";
		};
/* End PBXVariantGroup section */

/* Begin XCBuildConfiguration section */
		A08C969629D56F1200637C67 /* Debug */ = {
			isa = XCBuildConfiguration;
			buildSettings = {
				ALWAYS_SEARCH_USER_PATHS = NO;
				CLANG_ANALYZER_NONNULL = YES;
				CLANG_ANALYZER_NUMBER_OBJECT_CONVERSION = YES_AGGRESSIVE;
				CLANG_CXX_LANGUAGE_STANDARD = "gnu++20";
				CLANG_ENABLE_MODULES = YES;
				CLANG_ENABLE_OBJC_ARC = YES;
				CLANG_ENABLE_OBJC_WEAK = YES;
				CLANG_WARN_BLOCK_CAPTURE_AUTORELEASING = YES;
				CLANG_WARN_BOOL_CONVERSION = YES;
				CLANG_WARN_COMMA = YES;
				CLANG_WARN_CONSTANT_CONVERSION = YES;
				CLANG_WARN_DEPRECATED_OBJC_IMPLEMENTATIONS = YES;
				CLANG_WARN_DIRECT_OBJC_ISA_USAGE = YES_ERROR;
				CLANG_WARN_DOCUMENTATION_COMMENTS = YES;
				CLANG_WARN_EMPTY_BODY = YES;
				CLANG_WARN_ENUM_CONVERSION = YES;
				CLANG_WARN_INFINITE_RECURSION = YES;
				CLANG_WARN_INT_CONVERSION = YES;
				CLANG_WARN_NON_LITERAL_NULL_CONVERSION = YES;
				CLANG_WARN_OBJC_IMPLICIT_RETAIN_SELF = YES;
				CLANG_WARN_OBJC_LITERAL_CONVERSION = YES;
				CLANG_WARN_OBJC_ROOT_CLASS = YES_ERROR;
				CLANG_WARN_QUOTED_INCLUDE_IN_FRAMEWORK_HEADER = YES;
				CLANG_WARN_RANGE_LOOP_ANALYSIS = YES;
				CLANG_WARN_STRICT_PROTOTYPES = YES;
				CLANG_WARN_SUSPICIOUS_MOVE = YES;
				CLANG_WARN_UNGUARDED_AVAILABILITY = YES_AGGRESSIVE;
				CLANG_WARN_UNREACHABLE_CODE = YES;
				CLANG_WARN__DUPLICATE_METHOD_MATCH = YES;
				COPY_PHASE_STRIP = NO;
				DEBUG_INFORMATION_FORMAT = dwarf;
				ENABLE_STRICT_OBJC_MSGSEND = YES;
				ENABLE_TESTABILITY = YES;
				GCC_C_LANGUAGE_STANDARD = gnu11;
				GCC_DYNAMIC_NO_PIC = NO;
				GCC_NO_COMMON_BLOCKS = YES;
				GCC_OPTIMIZATION_LEVEL = 0;
				GCC_PREPROCESSOR_DEFINITIONS = (
					"DEBUG=1",
					"$(inherited)",
				);
				GCC_WARN_64_TO_32_BIT_CONVERSION = YES;
				GCC_WARN_ABOUT_RETURN_TYPE = YES_ERROR;
				GCC_WARN_UNDECLARED_SELECTOR = YES;
				GCC_WARN_UNINITIALIZED_AUTOS = YES_AGGRESSIVE;
				GCC_WARN_UNUSED_FUNCTION = YES;
				GCC_WARN_UNUSED_VARIABLE = YES;
				IPHONEOS_DEPLOYMENT_TARGET = 16.2;
				MTL_ENABLE_DEBUG_INFO = INCLUDE_SOURCE;
				MTL_FAST_MATH = YES;
				ONLY_ACTIVE_ARCH = YES;
				SDKROOT = iphoneos;
				SWIFT_ACTIVE_COMPILATION_CONDITIONS = DEBUG;
				SWIFT_OPTIMIZATION_LEVEL = "-Onone";
			};
			name = Debug;
		};
		A08C969729D56F1200637C67 /* Release */ = {
			isa = XCBuildConfiguration;
			buildSettings = {
				ALWAYS_SEARCH_USER_PATHS = NO;
				CLANG_ANALYZER_NONNULL = YES;
				CLANG_ANALYZER_NUMBER_OBJECT_CONVERSION = YES_AGGRESSIVE;
				CLANG_CXX_LANGUAGE_STANDARD = "gnu++20";
				CLANG_ENABLE_MODULES = YES;
				CLANG_ENABLE_OBJC_ARC = YES;
				CLANG_ENABLE_OBJC_WEAK = YES;
				CLANG_WARN_BLOCK_CAPTURE_AUTORELEASING = YES;
				CLANG_WARN_BOOL_CONVERSION = YES;
				CLANG_WARN_COMMA = YES;
				CLANG_WARN_CONSTANT_CONVERSION = YES;
				CLANG_WARN_DEPRECATED_OBJC_IMPLEMENTATIONS = YES;
				CLANG_WARN_DIRECT_OBJC_ISA_USAGE = YES_ERROR;
				CLANG_WARN_DOCUMENTATION_COMMENTS = YES;
				CLANG_WARN_EMPTY_BODY = YES;
				CLANG_WARN_ENUM_CONVERSION = YES;
				CLANG_WARN_INFINITE_RECURSION = YES;
				CLANG_WARN_INT_CONVERSION = YES;
				CLANG_WARN_NON_LITERAL_NULL_CONVERSION = YES;
				CLANG_WARN_OBJC_IMPLICIT_RETAIN_SELF = YES;
				CLANG_WARN_OBJC_LITERAL_CONVERSION = YES;
				CLANG_WARN_OBJC_ROOT_CLASS = YES_ERROR;
				CLANG_WARN_QUOTED_INCLUDE_IN_FRAMEWORK_HEADER = YES;
				CLANG_WARN_RANGE_LOOP_ANALYSIS = YES;
				CLANG_WARN_STRICT_PROTOTYPES = YES;
				CLANG_WARN_SUSPICIOUS_MOVE = YES;
				CLANG_WARN_UNGUARDED_AVAILABILITY = YES_AGGRESSIVE;
				CLANG_WARN_UNREACHABLE_CODE = YES;
				CLANG_WARN__DUPLICATE_METHOD_MATCH = YES;
				COPY_PHASE_STRIP = NO;
				DEBUG_INFORMATION_FORMAT = "dwarf-with-dsym";
				ENABLE_NS_ASSERTIONS = NO;
				ENABLE_STRICT_OBJC_MSGSEND = YES;
				GCC_C_LANGUAGE_STANDARD = gnu11;
				GCC_NO_COMMON_BLOCKS = YES;
				GCC_WARN_64_TO_32_BIT_CONVERSION = YES;
				GCC_WARN_ABOUT_RETURN_TYPE = YES_ERROR;
				GCC_WARN_UNDECLARED_SELECTOR = YES;
				GCC_WARN_UNINITIALIZED_AUTOS = YES_AGGRESSIVE;
				GCC_WARN_UNUSED_FUNCTION = YES;
				GCC_WARN_UNUSED_VARIABLE = YES;
				IPHONEOS_DEPLOYMENT_TARGET = 16.2;
				MTL_ENABLE_DEBUG_INFO = NO;
				MTL_FAST_MATH = YES;
				SDKROOT = iphoneos;
				SWIFT_COMPILATION_MODE = wholemodule;
				SWIFT_OPTIMIZATION_LEVEL = "-O";
				VALIDATE_PRODUCT = YES;
			};
			name = Release;
		};
		A08C969929D56F1200637C67 /* Debug */ = {
			isa = XCBuildConfiguration;
			buildSettings = {
				ASSETCATALOG_COMPILER_APPICON_NAME = AppIcon;
				ASSETCATALOG_COMPILER_GLOBAL_ACCENT_COLOR_NAME = AccentColor;
				CODE_SIGN_STYLE = Automatic;
				CURRENT_PROJECT_VERSION = 1;
				DEVELOPMENT_TEAM = 8Z9CU7FVMB;
				GENERATE_INFOPLIST_FILE = YES;
				INFOPLIST_FILE = UICollectionViewB/Info.plist;
				INFOPLIST_KEY_UIApplicationSupportsIndirectInputEvents = YES;
				INFOPLIST_KEY_UILaunchStoryboardName = LaunchScreen;
				INFOPLIST_KEY_UIMainStoryboardFile = Main;
				INFOPLIST_KEY_UISupportedInterfaceOrientations_iPad = "UIInterfaceOrientationPortrait UIInterfaceOrientationPortraitUpsideDown UIInterfaceOrientationLandscapeLeft UIInterfaceOrientationLandscapeRight";
				INFOPLIST_KEY_UISupportedInterfaceOrientations_iPhone = "UIInterfaceOrientationPortrait UIInterfaceOrientationLandscapeLeft UIInterfaceOrientationLandscapeRight";
				LD_RUNPATH_SEARCH_PATHS = (
					"$(inherited)",
					"@executable_path/Frameworks",
				);
				MARKETING_VERSION = 1.0;
				PRODUCT_BUNDLE_IDENTIFIER = Meaw.UICollectionViewB;
				PRODUCT_NAME = "$(TARGET_NAME)";
				SWIFT_EMIT_LOC_STRINGS = YES;
				SWIFT_VERSION = 5.0;
				TARGETED_DEVICE_FAMILY = "1,2";
			};
			name = Debug;
		};
		A08C969A29D56F1200637C67 /* Release */ = {
			isa = XCBuildConfiguration;
			buildSettings = {
				ASSETCATALOG_COMPILER_APPICON_NAME = AppIcon;
				ASSETCATALOG_COMPILER_GLOBAL_ACCENT_COLOR_NAME = AccentColor;
				CODE_SIGN_STYLE = Automatic;
				CURRENT_PROJECT_VERSION = 1;
				DEVELOPMENT_TEAM = 8Z9CU7FVMB;
				GENERATE_INFOPLIST_FILE = YES;
				INFOPLIST_FILE = UICollectionViewB/Info.plist;
				INFOPLIST_KEY_UIApplicationSupportsIndirectInputEvents = YES;
				INFOPLIST_KEY_UILaunchStoryboardName = LaunchScreen;
				INFOPLIST_KEY_UIMainStoryboardFile = Main;
				INFOPLIST_KEY_UISupportedInterfaceOrientations_iPad = "UIInterfaceOrientationPortrait UIInterfaceOrientationPortraitUpsideDown UIInterfaceOrientationLandscapeLeft UIInterfaceOrientationLandscapeRight";
				INFOPLIST_KEY_UISupportedInterfaceOrientations_iPhone = "UIInterfaceOrientationPortrait UIInterfaceOrientationLandscapeLeft UIInterfaceOrientationLandscapeRight";
				LD_RUNPATH_SEARCH_PATHS = (
					"$(inherited)",
					"@executable_path/Frameworks",
				);
				MARKETING_VERSION = 1.0;
				PRODUCT_BUNDLE_IDENTIFIER = Meaw.UICollectionViewB;
				PRODUCT_NAME = "$(TARGET_NAME)";
				SWIFT_EMIT_LOC_STRINGS = YES;
				SWIFT_VERSION = 5.0;
				TARGETED_DEVICE_FAMILY = "1,2";
			};
			name = Release;
		};
/* End XCBuildConfiguration section */

/* Begin XCConfigurationList section */
		A08C967F29D56F1000637C67 /* Build configuration list for PBXProject "UICollectionViewB" */ = {
			isa = XCConfigurationList;
			buildConfigurations = (
				A08C969629D56F1200637C67 /* Debug */,
				A08C969729D56F1200637C67 /* Release */,
			);
			defaultConfigurationIsVisible = 0;
			defaultConfigurationName = Release;
		};
		A08C969829D56F1200637C67 /* Build configuration list for PBXNativeTarget "UICollectionViewB" */ = {
			isa = XCConfigurationList;
			buildConfigurations = (
				A08C969929D56F1200637C67 /* Debug */,
				A08C969A29D56F1200637C67 /* Release */,
			);
			defaultConfigurationIsVisible = 0;
			defaultConfigurationName = Release;
		};
/* End XCConfigurationList section */

/* Begin XCSwiftPackageProductDependency section */
		A079A8EE29DB52FE002D701C /* SnapKit */ = {
			isa = XCSwiftPackageProductDependency;
			productName = SnapKit;
		};
/* End XCSwiftPackageProductDependency section */
	};
	rootObject = A08C967C29D56F1000637C67 /* Project object */;
}
